<?xml version="1.0" encoding="utf-8"?>
<Project ToolsVersion="15.0" xmlns="http://schemas.microsoft.com/developer/msbuild/2003">
  <ItemGroup>
    <CustomBuild Include="C:\Users\tji\source\repos\openBin_CMake\myBuild\CMakeFiles\a745829753495a7310728d8cd501ef7c\generate.stamp.rule">
      <Filter>CMake Rules</Filter>
    </CustomBuild>
  </ItemGroup>
  <ItemGroup>
    <Filter Include="CMake Rules">
      <UniqueIdentifier>{BE380528-7FC9-351B-A45A-B408D0D80FBD}</UniqueIdentifier>
    </Filter>
  </ItemGroup>
</Project>
